// !$*UTF8*$!
{
	archiveVersion = 1;
	classes = {
	};
	objectVersion = 56;
	objects = {

/* Begin PBXBuildFile section */
		8EC7BA4C2C06591700E1C77A /* ai_tic_tac_toeApp.swift in Sources */ = {isa = PBXBuildFile; fileRef = 8EC7BA4B2C06591700E1C77A /* ai_tic_tac_toeApp.swift */; };
		8EC7BA4E2C06591700E1C77A /* GameView.swift in Sources */ = {isa = PBXBuildFile; fileRef = 8EC7BA4D2C06591700E1C77A /* GameView.swift */; };
		8EC7BA502C06591900E1C77A /* Assets.xcassets in Resources */ = {isa = PBXBuildFile; fileRef = 8EC7BA4F2C06591900E1C77A /* Assets.xcassets */; };
		8EC7BA532C06591900E1C77A /* Preview Assets.xcassets in Resources */ = {isa = PBXBuildFile; fileRef = 8EC7BA522C06591900E1C77A /* Preview Assets.xcassets */; };
		8EC7BA5A2C06612F00E1C77A /* Player.swift in Sources */ = {isa = PBXBuildFile; fileRef = 8EC7BA592C06612F00E1C77A /* Player.swift */; };
		8EC7BA5C2C06616E00E1C77A /* Move.swift in Sources */ = {isa = PBXBuildFile; fileRef = 8EC7BA5B2C06616E00E1C77A /* Move.swift */; };
		8EC7BA5E2C075DA800E1C77A /* Alerts.swift in Sources */ = {isa = PBXBuildFile; fileRef = 8EC7BA5D2C075DA800E1C77A /* Alerts.swift */; };
		8EC7BA602C09E3EA00E1C77A /* ViewModel.swift in Sources */ = {isa = PBXBuildFile; fileRef = 8EC7BA5F2C09E3EA00E1C77A /* ViewModel.swift */; };
		8EC7BA642C0BAF7700E1C77A /* GameScore.swift in Sources */ = {isa = PBXBuildFile; fileRef = 8EC7BA632C0BAF7700E1C77A /* GameScore.swift */; };
		8EC7BA6B2C13289400E1C77A /* PieChartValues.swift in Sources */ = {isa = PBXBuildFile; fileRef = 8EC7BA6A2C13289400E1C77A /* PieChartValues.swift */; };
		8EC7BA6D2C13383300E1C77A /* PieChartView.swift in Sources */ = {isa = PBXBuildFile; fileRef = 8EC7BA6C2C13383300E1C77A /* PieChartView.swift */; };
/* End PBXBuildFile section */

/* Begin PBXFileReference section */
		8EC7BA482C06591700E1C77A /* ai_tic-tac-toe.app */ = {isa = PBXFileReference; explicitFileType = wrapper.application; includeInIndex = 0; path = "ai_tic-tac-toe.app"; sourceTree = BUILT_PRODUCTS_DIR; };
		8EC7BA4B2C06591700E1C77A /* ai_tic_tac_toeApp.swift */ = {isa = PBXFileReference; lastKnownFileType = sourcecode.swift; path = ai_tic_tac_toeApp.swift; sourceTree = "<group>"; };
		8EC7BA4D2C06591700E1C77A /* GameView.swift */ = {isa = PBXFileReference; lastKnownFileType = sourcecode.swift; path = GameView.swift; sourceTree = "<group>"; };
		8EC7BA4F2C06591900E1C77A /* Assets.xcassets */ = {isa = PBXFileReference; lastKnownFileType = folder.assetcatalog; path = Assets.xcassets; sourceTree = "<group>"; };
		8EC7BA522C06591900E1C77A /* Preview Assets.xcassets */ = {isa = PBXFileReference; lastKnownFileType = folder.assetcatalog; path = "Preview Assets.xcassets"; sourceTree = "<group>"; };
		8EC7BA592C06612F00E1C77A /* Player.swift */ = {isa = PBXFileReference; lastKnownFileType = sourcecode.swift; path = Player.swift; sourceTree = "<group>"; };
		8EC7BA5B2C06616E00E1C77A /* Move.swift */ = {isa = PBXFileReference; lastKnownFileType = sourcecode.swift; path = Move.swift; sourceTree = "<group>"; };
		8EC7BA5D2C075DA800E1C77A /* Alerts.swift */ = {isa = PBXFileReference; lastKnownFileType = sourcecode.swift; path = Alerts.swift; sourceTree = "<group>"; };
		8EC7BA5F2C09E3EA00E1C77A /* ViewModel.swift */ = {isa = PBXFileReference; lastKnownFileType = sourcecode.swift; path = ViewModel.swift; sourceTree = "<group>"; };
		8EC7BA632C0BAF7700E1C77A /* GameScore.swift */ = {isa = PBXFileReference; lastKnownFileType = sourcecode.swift; path = GameScore.swift; sourceTree = "<group>"; };
		8EC7BA6A2C13289400E1C77A /* PieChartValues.swift */ = {isa = PBXFileReference; lastKnownFileType = sourcecode.swift; path = PieChartValues.swift; sourceTree = "<group>"; };
		8EC7BA6C2C13383300E1C77A /* PieChartView.swift */ = {isa = PBXFileReference; lastKnownFileType = sourcecode.swift; path = PieChartView.swift; sourceTree = "<group>"; };
/* End PBXFileReference section */

/* Begin PBXFrameworksBuildPhase section */
		8EC7BA452C06591700E1C77A /* Frameworks */ = {
			isa = PBXFrameworksBuildPhase;
			buildActionMask = 2147483647;
			files = (
			);
			runOnlyForDeploymentPostprocessing = 0;
		};
/* End PBXFrameworksBuildPhase section */

/* Begin PBXGroup section */
		8EC7BA3F2C06591700E1C77A = {
			isa = PBXGroup;
			children = (
				8EC7BA4A2C06591700E1C77A /* ai_tic-tac-toe */,
				8EC7BA492C06591700E1C77A /* Products */,
			);
			sourceTree = "<group>";
		};
		8EC7BA492C06591700E1C77A /* Products */ = {
			isa = PBXGroup;
			children = (
				8EC7BA482C06591700E1C77A /* ai_tic-tac-toe.app */,
			);
			name = Products;
			sourceTree = "<group>";
		};
		8EC7BA4A2C06591700E1C77A /* ai_tic-tac-toe */ = {
			isa = PBXGroup;
			children = (
				8EC7BA4B2C06591700E1C77A /* ai_tic_tac_toeApp.swift */,
				8EC7BA4D2C06591700E1C77A /* GameView.swift */,
				8EC7BA4F2C06591900E1C77A /* Assets.xcassets */,
				8EC7BA512C06591900E1C77A /* Preview Content */,
				8EC7BA592C06612F00E1C77A /* Player.swift */,
				8EC7BA5B2C06616E00E1C77A /* Move.swift */,
				8EC7BA5D2C075DA800E1C77A /* Alerts.swift */,
				8EC7BA5F2C09E3EA00E1C77A /* ViewModel.swift */,
				8EC7BA632C0BAF7700E1C77A /* GameScore.swift */,
				8EC7BA6A2C13289400E1C77A /* PieChartValues.swift */,
				8EC7BA6C2C13383300E1C77A /* PieChartView.swift */,
			);
			path = "ai_tic-tac-toe";
			sourceTree = "<group>";
		};
		8EC7BA512C06591900E1C77A /* Preview Content */ = {
			isa = PBXGroup;
			children = (
				8EC7BA522C06591900E1C77A /* Preview Assets.xcassets */,
			);
			path = "Preview Content";
			sourceTree = "<group>";
		};
/* End PBXGroup section */

/* Begin PBXNativeTarget section */
		8EC7BA472C06591700E1C77A /* ai_tic-tac-toe */ = {
			isa = PBXNativeTarget;
			buildConfigurationList = 8EC7BA562C06591900E1C77A /* Build configuration list for PBXNativeTarget "ai_tic-tac-toe" */;
			buildPhases = (
				8EC7BA442C06591700E1C77A /* Sources */,
				8EC7BA452C06591700E1C77A /* Frameworks */,
				8EC7BA462C06591700E1C77A /* Resources */,
			);
			buildRules = (
			);
			dependencies = (
			);
			name = "ai_tic-tac-toe";
			productName = "ai_tic-tac-toe";
			productReference = 8EC7BA482C06591700E1C77A /* ai_tic-tac-toe.app */;
			productType = "com.apple.product-type.application";
		};
/* End PBXNativeTarget section */

/* Begin PBXProject section */
		8EC7BA402C06591700E1C77A /* Project object */ = {
			isa = PBXProject;
			attributes = {
				BuildIndependentTargetsInParallel = 1;
				LastSwiftUpdateCheck = 1540;
				LastUpgradeCheck = 1540;
				TargetAttributes = {
					8EC7BA472C06591700E1C77A = {
						CreatedOnToolsVersion = 15.4;
					};
				};
			};
			buildConfigurationList = 8EC7BA432C06591700E1C77A /* Build configuration list for PBXProject "ai_tic-tac-toe" */;
			compatibilityVersion = "Xcode 14.0";
			developmentRegion = en;
			hasScannedForEncodings = 0;
			knownRegions = (
				en,
				Base,
			);
			mainGroup = 8EC7BA3F2C06591700E1C77A;
			productRefGroup = 8EC7BA492C06591700E1C77A /* Products */;
			projectDirPath = "";
			projectRoot = "";
			targets = (
				8EC7BA472C06591700E1C77A /* ai_tic-tac-toe */,
			);
		};
/* End PBXProject section */

/* Begin PBXResourcesBuildPhase section */
		8EC7BA462C06591700E1C77A /* Resources */ = {
			isa = PBXResourcesBuildPhase;
			buildActionMask = 2147483647;
			files = (
				8EC7BA532C06591900E1C77A /* Preview Assets.xcassets in Resources */,
				8EC7BA502C06591900E1C77A /* Assets.xcassets in Resources */,
			);
			runOnlyForDeploymentPostprocessing = 0;
		};
/* End PBXResourcesBuildPhase section */

/* Begin PBXSourcesBuildPhase section */
		8EC7BA442C06591700E1C77A /* Sources */ = {
			isa = PBXSourcesBuildPhase;
			buildActionMask = 2147483647;
			files = (
				8EC7BA6D2C13383300E1C77A /* PieChartView.swift in Sources */,
				8EC7BA642C0BAF7700E1C77A /* GameScore.swift in Sources */,
				8EC7BA5C2C06616E00E1C77A /* Move.swift in Sources */,
				8EC7BA5E2C075DA800E1C77A /* Alerts.swift in Sources */,
				8EC7BA4E2C06591700E1C77A /* GameView.swift in Sources */,
				8EC7BA4C2C06591700E1C77A /* ai_tic_tac_toeApp.swift in Sources */,
				8EC7BA602C09E3EA00E1C77A /* ViewModel.swift in Sources */,
				8EC7BA5A2C06612F00E1C77A /* Player.swift in Sources */,
				8EC7BA6B2C13289400E1C77A /* PieChartValues.swift in Sources */,
			);
			runOnlyForDeploymentPostprocessing = 0;
		};
/* End PBXSourcesBuildPhase section */

/* Begin XCBuildConfiguration section */
		8EC7BA542C06591900E1C77A /* Debug */ = {
			isa = XCBuildConfiguration;
			buildSettings = {
				ALWAYS_SEARCH_USER_PATHS = NO;
				ASSETCATALOG_COMPILER_GENERATE_SWIFT_ASSET_SYMBOL_EXTENSIONS = YES;
				CLANG_ANALYZER_NONNULL = YES;
				CLANG_ANALYZER_NUMBER_OBJECT_CONVERSION = YES_AGGRESSIVE;
				CLANG_CXX_LANGUAGE_STANDARD = "gnu++20";
				CLANG_ENABLE_MODULES = YES;
				CLANG_ENABLE_OBJC_ARC = YES;
				CLANG_ENABLE_OBJC_WEAK = YES;
				CLANG_WARN_BLOCK_CAPTURE_AUTORELEASING = YES;
				CLANG_WARN_BOOL_CONVERSION = YES;
				CLANG_WARN_COMMA = YES;
				CLANG_WARN_CONSTANT_CONVERSION = YES;
				CLANG_WARN_DEPRECATED_OBJC_IMPLEMENTATIONS = YES;
				CLANG_WARN_DIRECT_OBJC_ISA_USAGE = YES_ERROR;
				CLANG_WARN_DOCUMENTATION_COMMENTS = YES;
				CLANG_WARN_EMPTY_BODY = YES;
				CLANG_WARN_ENUM_CONVERSION = YES;
				CLANG_WARN_INFINITE_RECURSION = YES;
				CLANG_WARN_INT_CONVERSION = YES;
				CLANG_WARN_NON_LITERAL_NULL_CONVERSION = YES;
				CLANG_WARN_OBJC_IMPLICIT_RETAIN_SELF = YES;
				CLANG_WARN_OBJC_LITERAL_CONVERSION = YES;
				CLANG_WARN_OBJC_ROOT_CLASS = YES_ERROR;
				CLANG_WARN_QUOTED_INCLUDE_IN_FRAMEWORK_HEADER = YES;
				CLANG_WARN_RANGE_LOOP_ANALYSIS = YES;
				CLANG_WARN_STRICT_PROTOTYPES = YES;
				CLANG_WARN_SUSPICIOUS_MOVE = YES;
				CLANG_WARN_UNGUARDED_AVAILABILITY = YES_AGGRESSIVE;
				CLANG_WARN_UNREACHABLE_CODE = YES;
				CLANG_WARN__DUPLICATE_METHOD_MATCH = YES;
				COPY_PHASE_STRIP = NO;
				DEBUG_INFORMATION_FORMAT = dwarf;
				ENABLE_STRICT_OBJC_MSGSEND = YES;
				ENABLE_TESTABILITY = YES;
				ENABLE_USER_SCRIPT_SANDBOXING = YES;
				GCC_C_LANGUAGE_STANDARD = gnu17;
				GCC_DYNAMIC_NO_PIC = NO;
				GCC_NO_COMMON_BLOCKS = YES;
				GCC_OPTIMIZATION_LEVEL = 0;
				GCC_PREPROCESSOR_DEFINITIONS = (
					"DEBUG=1",
					"$(inherited)",
				);
				GCC_WARN_64_TO_32_BIT_CONVERSION = YES;
				GCC_WARN_ABOUT_RETURN_TYPE = YES_ERROR;
				GCC_WARN_UNDECLARED_SELECTOR = YES;
				GCC_WARN_UNINITIALIZED_AUTOS = YES_AGGRESSIVE;
				GCC_WARN_UNUSED_FUNCTION = YES;
				GCC_WARN_UNUSED_VARIABLE = YES;
				IPHONEOS_DEPLOYMENT_TARGET = 17.5;
				LOCALIZATION_PREFERS_STRING_CATALOGS = YES;
				MTL_ENABLE_DEBUG_INFO = INCLUDE_SOURCE;
				MTL_FAST_MATH = YES;
				ONLY_ACTIVE_ARCH = YES;
				SDKROOT = iphoneos;
				SWIFT_ACTIVE_COMPILATION_CONDITIONS = "DEBUG $(inherited)";
				SWIFT_OPTIMIZATION_LEVEL = "-Onone";
			};
			name = Debug;
		};
		8EC7BA552C06591900E1C77A /* Release */ = {
			isa = XCBuildConfiguration;
			buildSettings = {
				ALWAYS_SEARCH_USER_PATHS = NO;
				ASSETCATALOG_COMPILER_GENERATE_SWIFT_ASSET_SYMBOL_EXTENSIONS = YES;
				CLANG_ANALYZER_NONNULL = YES;
				CLANG_ANALYZER_NUMBER_OBJECT_CONVERSION = YES_AGGRESSIVE;
				CLANG_CXX_LANGUAGE_STANDARD = "gnu++20";
				CLANG_ENABLE_MODULES = YES;
				CLANG_ENABLE_OBJC_ARC = YES;
				CLANG_ENABLE_OBJC_WEAK = YES;
				CLANG_WARN_BLOCK_CAPTURE_AUTORELEASING = YES;
				CLANG_WARN_BOOL_CONVERSION = YES;
				CLANG_WARN_COMMA = YES;
				CLANG_WARN_CONSTANT_CONVERSION = YES;
				CLANG_WARN_DEPRECATED_OBJC_IMPLEMENTATIONS = YES;
				CLANG_WARN_DIRECT_OBJC_ISA_USAGE = YES_ERROR;
				CLANG_WARN_DOCUMENTATION_COMMENTS = YES;
				CLANG_WARN_EMPTY_BODY = YES;
				CLANG_WARN_ENUM_CONVERSION = YES;
				CLANG_WARN_INFINITE_RECURSION = YES;
				CLANG_WARN_INT_CONVERSION = YES;
				CLANG_WARN_NON_LITERAL_NULL_CONVERSION = YES;
				CLANG_WARN_OBJC_IMPLICIT_RETAIN_SELF = YES;
				CLANG_WARN_OBJC_LITERAL_CONVERSION = YES;
				CLANG_WARN_OBJC_ROOT_CLASS = YES_ERROR;
				CLANG_WARN_QUOTED_INCLUDE_IN_FRAMEWORK_HEADER = YES;
				CLANG_WARN_RANGE_LOOP_ANALYSIS = YES;
				CLANG_WARN_STRICT_PROTOTYPES = YES;
				CLANG_WARN_SUSPICIOUS_MOVE = YES;
				CLANG_WARN_UNGUARDED_AVAILABILITY = YES_AGGRESSIVE;
				CLANG_WARN_UNREACHABLE_CODE = YES;
				CLANG_WARN__DUPLICATE_METHOD_MATCH = YES;
				COPY_PHASE_STRIP = NO;
				DEBUG_INFORMATION_FORMAT = "dwarf-with-dsym";
				ENABLE_NS_ASSERTIONS = NO;
				ENABLE_STRICT_OBJC_MSGSEND = YES;
				ENABLE_USER_SCRIPT_SANDBOXING = YES;
				GCC_C_LANGUAGE_STANDARD = gnu17;
				GCC_NO_COMMON_BLOCKS = YES;
				GCC_WARN_64_TO_32_BIT_CONVERSION = YES;
				GCC_WARN_ABOUT_RETURN_TYPE = YES_ERROR;
				GCC_WARN_UNDECLARED_SELECTOR = YES;
				GCC_WARN_UNINITIALIZED_AUTOS = YES_AGGRESSIVE;
				GCC_WARN_UNUSED_FUNCTION = YES;
				GCC_WARN_UNUSED_VARIABLE = YES;
				IPHONEOS_DEPLOYMENT_TARGET = 17.5;
				LOCALIZATION_PREFERS_STRING_CATALOGS = YES;
				MTL_ENABLE_DEBUG_INFO = NO;
				MTL_FAST_MATH = YES;
				SDKROOT = iphoneos;
				SWIFT_COMPILATION_MODE = wholemodule;
				VALIDATE_PRODUCT = YES;
			};
			name = Release;
		};
		8EC7BA572C06591900E1C77A /* Debug */ = {
			isa = XCBuildConfiguration;
			buildSettings = {
				ASSETCATALOG_COMPILER_APPICON_NAME = AppIcon;
				ASSETCATALOG_COMPILER_GLOBAL_ACCENT_COLOR_NAME = AccentColor;
				CODE_SIGN_STYLE = Automatic;
				CURRENT_PROJECT_VERSION = 1;
				DEVELOPMENT_ASSET_PATHS = "\"ai_tic-tac-toe/Preview Content\"";
				DEVELOPMENT_TEAM = 7X8WVYDFHZ;
				ENABLE_PREVIEWS = YES;
				GENERATE_INFOPLIST_FILE = YES;
				INFOPLIST_KEY_UIApplicationSceneManifest_Generation = YES;
				INFOPLIST_KEY_UIApplicationSupportsIndirectInputEvents = YES;
				INFOPLIST_KEY_UILaunchScreen_Generation = YES;
				INFOPLIST_KEY_UISupportedInterfaceOrientations_iPad = "UIInterfaceOrientationPortrait UIInterfaceOrientationPortraitUpsideDown UIInterfaceOrientationLandscapeLeft UIInterfaceOrientationLandscapeRight";
				INFOPLIST_KEY_UISupportedInterfaceOrientations_iPhone = "UIInterfaceOrientationPortrait UIInterfaceOrientationLandscapeLeft UIInterfaceOrientationLandscapeRight";
				LD_RUNPATH_SEARCH_PATHS = (
					"$(inherited)",
					"@executable_path/Frameworks",
				);
				MARKETING_VERSION = 1.0;
				PRODUCT_BUNDLE_IDENTIFIER = "de.chapter.demos.ai-tic-tac-toe";
				PRODUCT_NAME = "$(TARGET_NAME)";
				SWIFT_EMIT_LOC_STRINGS = YES;
				SWIFT_VERSION = 5.0;
				TARGETED_DEVICE_FAMILY = "1,2";
			};
			name = Debug;
		};
		8EC7BA582C06591900E1C77A /* Release */ = {
			isa = XCBuildConfiguration;
			buildSettings = {
				ASSETCATALOG_COMPILER_APPICON_NAME = AppIcon;
				ASSETCATALOG_COMPILER_GLOBAL_ACCENT_COLOR_NAME = AccentColor;
				CODE_SIGN_STYLE = Automatic;
				CURRENT_PROJECT_VERSION = 1;
				DEVELOPMENT_ASSET_PATHS = "\"ai_tic-tac-toe/Preview Content\"";
				DEVELOPMENT_TEAM = 7X8WVYDFHZ;
				ENABLE_PREVIEWS = YES;
				GENERATE_INFOPLIST_FILE = YES;
				INFOPLIST_KEY_UIApplicationSceneManifest_Generation = YES;
				INFOPLIST_KEY_UIApplicationSupportsIndirectInputEvents = YES;
				INFOPLIST_KEY_UILaunchScreen_Generation = YES;
				INFOPLIST_KEY_UISupportedInterfaceOrientations_iPad = "UIInterfaceOrientationPortrait UIInterfaceOrientationPortraitUpsideDown UIInterfaceOrientationLandscapeLeft UIInterfaceOrientationLandscapeRight";
				INFOPLIST_KEY_UISupportedInterfaceOrientations_iPhone = "UIInterfaceOrientationPortrait UIInterfaceOrientationLandscapeLeft UIInterfaceOrientationLandscapeRight";
				LD_RUNPATH_SEARCH_PATHS = (
					"$(inherited)",
					"@executable_path/Frameworks",
				);
				MARKETING_VERSION = 1.0;
				PRODUCT_BUNDLE_IDENTIFIER = "de.chapter.demos.ai-tic-tac-toe";
				PRODUCT_NAME = "$(TARGET_NAME)";
				SWIFT_EMIT_LOC_STRINGS = YES;
				SWIFT_VERSION = 5.0;
				TARGETED_DEVICE_FAMILY = "1,2";
			};
			name = Release;
		};
/* End XCBuildConfiguration section */

/* Begin XCConfigurationList section */
		8EC7BA432C06591700E1C77A /* Build configuration list for PBXProject "ai_tic-tac-toe" */ = {
			isa = XCConfigurationList;
			buildConfigurations = (
				8EC7BA542C06591900E1C77A /* Debug */,
				8EC7BA552C06591900E1C77A /* Release */,
			);
			defaultConfigurationIsVisible = 0;
			defaultConfigurationName = Release;
		};
		8EC7BA562C06591900E1C77A /* Build configuration list for PBXNativeTarget "ai_tic-tac-toe" */ = {
			isa = XCConfigurationList;
			buildConfigurations = (
				8EC7BA572C06591900E1C77A /* Debug */,
				8EC7BA582C06591900E1C77A /* Release */,
			);
			defaultConfigurationIsVisible = 0;
			defaultConfigurationName = Release;
		};
/* End XCConfigurationList section */
	};
	rootObject = 8EC7BA402C06591700E1C77A /* Project object */;
}
